// !$*UTF8*$!
{
	archiveVersion = 1;
	classes = {
	};
	objectVersion = 55;
	objects = {

/* Begin PBXBuildFile section */
		63967E34277F8A2C00ED5575 /* _Commas_ManagerApp.swift in Sources */ = {isa = PBXBuildFile; fileRef = 63967E33277F8A2C00ED5575 /* _Commas_ManagerApp.swift */; };
		63967E36277F8A2C00ED5575 /* ContentView.swift in Sources */ = {isa = PBXBuildFile; fileRef = 63967E35277F8A2C00ED5575 /* ContentView.swift */; };
		63967E38277F8A2E00ED5575 /* Assets.xcassets in Resources */ = {isa = PBXBuildFile; fileRef = 63967E37277F8A2E00ED5575 /* Assets.xcassets */; };
		63967E3B277F8A2E00ED5575 /* Preview Assets.xcassets in Resources */ = {isa = PBXBuildFile; fileRef = 63967E3A277F8A2E00ED5575 /* Preview Assets.xcassets */; };
		63967E42277F8C4A00ED5575 /* TabsView.swift in Sources */ = {isa = PBXBuildFile; fileRef = 63967E41277F8C4A00ED5575 /* TabsView.swift */; };
		63967E44277F8FFD00ED5575 /* StatsView.swift in Sources */ = {isa = PBXBuildFile; fileRef = 63967E43277F8FFD00ED5575 /* StatsView.swift */; };
		63967E46277F901700ED5575 /* ActiveDealsView.swift in Sources */ = {isa = PBXBuildFile; fileRef = 63967E45277F901700ED5575 /* ActiveDealsView.swift */; };
		63967E48277F902B00ED5575 /* FinishedDealsView.swift in Sources */ = {isa = PBXBuildFile; fileRef = 63967E47277F902B00ED5575 /* FinishedDealsView.swift */; };
		63967E4A277F903500ED5575 /* AssetsView.swift in Sources */ = {isa = PBXBuildFile; fileRef = 63967E49277F903500ED5575 /* AssetsView.swift */; };
		63967E4C277F904300ED5575 /* BotsView.swift in Sources */ = {isa = PBXBuildFile; fileRef = 63967E4B277F904300ED5575 /* BotsView.swift */; };
		63967E50277F93BB00ED5575 /* StatsProvider.swift in Sources */ = {isa = PBXBuildFile; fileRef = 63967E4F277F93BB00ED5575 /* StatsProvider.swift */; };
		63967E52277F93C200ED5575 /* Stats.swift in Sources */ = {isa = PBXBuildFile; fileRef = 63967E51277F93C200ED5575 /* Stats.swift */; };
		63967E54277FCCDE00ED5575 /* ActiveDealsProvider.swift in Sources */ = {isa = PBXBuildFile; fileRef = 63967E53277FCCDE00ED5575 /* ActiveDealsProvider.swift */; };
		63967E56277FCCE800ED5575 /* ActiveDeal.swift in Sources */ = {isa = PBXBuildFile; fileRef = 63967E55277FCCE800ED5575 /* ActiveDeal.swift */; };
		63967E5827802C5B00ED5575 /* FinishedDealsProvider.swift in Sources */ = {isa = PBXBuildFile; fileRef = 63967E5727802C5B00ED5575 /* FinishedDealsProvider.swift */; };
		63967E5A27802C6700ED5575 /* FinishedDeal.swift in Sources */ = {isa = PBXBuildFile; fileRef = 63967E5927802C6700ED5575 /* FinishedDeal.swift */; };
		63967E5C27808C7500ED5575 /* AssetsProvider.swift in Sources */ = {isa = PBXBuildFile; fileRef = 63967E5B27808C7500ED5575 /* AssetsProvider.swift */; };
		63967E5E27808C7D00ED5575 /* Asset.swift in Sources */ = {isa = PBXBuildFile; fileRef = 63967E5D27808C7D00ED5575 /* Asset.swift */; };
		63967E602780A98E00ED5575 /* BotsProvider.swift in Sources */ = {isa = PBXBuildFile; fileRef = 63967E5F2780A98E00ED5575 /* BotsProvider.swift */; };
		63967E622780A99500ED5575 /* Bots.swift in Sources */ = {isa = PBXBuildFile; fileRef = 63967E612780A99500ED5575 /* Bots.swift */; };
/* End PBXBuildFile section */

/* Begin PBXFileReference section */
		63967E30277F8A2C00ED5575 /* Manager.app */ = {isa = PBXFileReference; explicitFileType = wrapper.application; includeInIndex = 0; path = Manager.app; sourceTree = BUILT_PRODUCTS_DIR; };
		63967E33277F8A2C00ED5575 /* _Commas_ManagerApp.swift */ = {isa = PBXFileReference; lastKnownFileType = sourcecode.swift; path = _Commas_ManagerApp.swift; sourceTree = "<group>"; };
		63967E35277F8A2C00ED5575 /* ContentView.swift */ = {isa = PBXFileReference; lastKnownFileType = sourcecode.swift; path = ContentView.swift; sourceTree = "<group>"; };
		63967E37277F8A2E00ED5575 /* Assets.xcassets */ = {isa = PBXFileReference; lastKnownFileType = folder.assetcatalog; path = Assets.xcassets; sourceTree = "<group>"; };
		63967E3A277F8A2E00ED5575 /* Preview Assets.xcassets */ = {isa = PBXFileReference; lastKnownFileType = folder.assetcatalog; path = "Preview Assets.xcassets"; sourceTree = "<group>"; };
		63967E41277F8C4A00ED5575 /* TabsView.swift */ = {isa = PBXFileReference; lastKnownFileType = sourcecode.swift; path = TabsView.swift; sourceTree = "<group>"; };
		63967E43277F8FFD00ED5575 /* StatsView.swift */ = {isa = PBXFileReference; lastKnownFileType = sourcecode.swift; path = StatsView.swift; sourceTree = "<group>"; };
		63967E45277F901700ED5575 /* ActiveDealsView.swift */ = {isa = PBXFileReference; lastKnownFileType = sourcecode.swift; path = ActiveDealsView.swift; sourceTree = "<group>"; };
		63967E47277F902B00ED5575 /* FinishedDealsView.swift */ = {isa = PBXFileReference; lastKnownFileType = sourcecode.swift; path = FinishedDealsView.swift; sourceTree = "<group>"; };
		63967E49277F903500ED5575 /* AssetsView.swift */ = {isa = PBXFileReference; lastKnownFileType = sourcecode.swift; path = AssetsView.swift; sourceTree = "<group>"; };
		63967E4B277F904300ED5575 /* BotsView.swift */ = {isa = PBXFileReference; lastKnownFileType = sourcecode.swift; path = BotsView.swift; sourceTree = "<group>"; };
		63967E4F277F93BB00ED5575 /* StatsProvider.swift */ = {isa = PBXFileReference; lastKnownFileType = sourcecode.swift; path = StatsProvider.swift; sourceTree = "<group>"; };
		63967E51277F93C200ED5575 /* Stats.swift */ = {isa = PBXFileReference; lastKnownFileType = sourcecode.swift; path = Stats.swift; sourceTree = "<group>"; };
		63967E53277FCCDE00ED5575 /* ActiveDealsProvider.swift */ = {isa = PBXFileReference; lastKnownFileType = sourcecode.swift; path = ActiveDealsProvider.swift; sourceTree = "<group>"; };
		63967E55277FCCE800ED5575 /* ActiveDeal.swift */ = {isa = PBXFileReference; lastKnownFileType = sourcecode.swift; path = ActiveDeal.swift; sourceTree = "<group>"; };
		63967E5727802C5B00ED5575 /* FinishedDealsProvider.swift */ = {isa = PBXFileReference; lastKnownFileType = sourcecode.swift; path = FinishedDealsProvider.swift; sourceTree = "<group>"; };
		63967E5927802C6700ED5575 /* FinishedDeal.swift */ = {isa = PBXFileReference; lastKnownFileType = sourcecode.swift; path = FinishedDeal.swift; sourceTree = "<group>"; };
		63967E5B27808C7500ED5575 /* AssetsProvider.swift */ = {isa = PBXFileReference; lastKnownFileType = sourcecode.swift; path = AssetsProvider.swift; sourceTree = "<group>"; };
		63967E5D27808C7D00ED5575 /* Asset.swift */ = {isa = PBXFileReference; lastKnownFileType = sourcecode.swift; path = Asset.swift; sourceTree = "<group>"; };
		63967E5F2780A98E00ED5575 /* BotsProvider.swift */ = {isa = PBXFileReference; lastKnownFileType = sourcecode.swift; path = BotsProvider.swift; sourceTree = "<group>"; };
		63967E612780A99500ED5575 /* Bots.swift */ = {isa = PBXFileReference; lastKnownFileType = sourcecode.swift; path = Bots.swift; sourceTree = "<group>"; };
/* End PBXFileReference section */

/* Begin PBXFrameworksBuildPhase section */
		63967E2D277F8A2C00ED5575 /* Frameworks */ = {
			isa = PBXFrameworksBuildPhase;
			buildActionMask = 2147483647;
			files = (
			);
			runOnlyForDeploymentPostprocessing = 0;
		};
/* End PBXFrameworksBuildPhase section */

/* Begin PBXGroup section */
		63967E27277F8A2C00ED5575 = {
			isa = PBXGroup;
			children = (
				63967E32277F8A2C00ED5575 /* 3Commas Manager */,
				63967E31277F8A2C00ED5575 /* Products */,
			);
			sourceTree = "<group>";
		};
		63967E31277F8A2C00ED5575 /* Products */ = {
			isa = PBXGroup;
			children = (
				63967E30277F8A2C00ED5575 /* Manager.app */,
			);
			name = Products;
			sourceTree = "<group>";
		};
		63967E32277F8A2C00ED5575 /* 3Commas Manager */ = {
			isa = PBXGroup;
			children = (
				63967E33277F8A2C00ED5575 /* _Commas_ManagerApp.swift */,
				63967E37277F8A2E00ED5575 /* Assets.xcassets */,
				63967E4D277F904D00ED5575 /* Views */,
				63967E4E277F939000ED5575 /* Models */,
				63967E39277F8A2E00ED5575 /* Preview Content */,
			);
			path = "3Commas Manager";
			sourceTree = "<group>";
		};
		63967E39277F8A2E00ED5575 /* Preview Content */ = {
			isa = PBXGroup;
			children = (
				63967E3A277F8A2E00ED5575 /* Preview Assets.xcassets */,
			);
			path = "Preview Content";
			sourceTree = "<group>";
		};
		63967E4D277F904D00ED5575 /* Views */ = {
			isa = PBXGroup;
			children = (
				63967E35277F8A2C00ED5575 /* ContentView.swift */,
				63967E41277F8C4A00ED5575 /* TabsView.swift */,
				63967E45277F901700ED5575 /* ActiveDealsView.swift */,
				63967E43277F8FFD00ED5575 /* StatsView.swift */,
				63967E47277F902B00ED5575 /* FinishedDealsView.swift */,
				63967E49277F903500ED5575 /* AssetsView.swift */,
				63967E4B277F904300ED5575 /* BotsView.swift */,
			);
			path = Views;
			sourceTree = "<group>";
		};
		63967E4E277F939000ED5575 /* Models */ = {
			isa = PBXGroup;
			children = (
				63967E4F277F93BB00ED5575 /* StatsProvider.swift */,
				63967E51277F93C200ED5575 /* Stats.swift */,
				63967E53277FCCDE00ED5575 /* ActiveDealsProvider.swift */,
				63967E55277FCCE800ED5575 /* ActiveDeal.swift */,
				63967E5727802C5B00ED5575 /* FinishedDealsProvider.swift */,
				63967E5927802C6700ED5575 /* FinishedDeal.swift */,
				63967E5B27808C7500ED5575 /* AssetsProvider.swift */,
				63967E5D27808C7D00ED5575 /* Asset.swift */,
				63967E5F2780A98E00ED5575 /* BotsProvider.swift */,
				63967E612780A99500ED5575 /* Bots.swift */,
			);
			path = Models;
			sourceTree = "<group>";
		};
/* End PBXGroup section */

/* Begin PBXNativeTarget section */
		63967E2F277F8A2C00ED5575 /* 3Commas Manager */ = {
			isa = PBXNativeTarget;
			buildConfigurationList = 63967E3E277F8A2E00ED5575 /* Build configuration list for PBXNativeTarget "3Commas Manager" */;
			buildPhases = (
				63967E2C277F8A2C00ED5575 /* Sources */,
				63967E2D277F8A2C00ED5575 /* Frameworks */,
				63967E2E277F8A2C00ED5575 /* Resources */,
			);
			buildRules = (
			);
			dependencies = (
			);
			name = "3Commas Manager";
			productName = "3Commas Manager";
			productReference = 63967E30277F8A2C00ED5575 /* Manager.app */;
			productType = "com.apple.product-type.application";
		};
/* End PBXNativeTarget section */

/* Begin PBXProject section */
		63967E28277F8A2C00ED5575 /* Project object */ = {
			isa = PBXProject;
			attributes = {
				BuildIndependentTargetsInParallel = 1;
				LastSwiftUpdateCheck = 1320;
				LastUpgradeCheck = 1320;
				TargetAttributes = {
					63967E2F277F8A2C00ED5575 = {
						CreatedOnToolsVersion = 13.2.1;
					};
				};
			};
			buildConfigurationList = 63967E2B277F8A2C00ED5575 /* Build configuration list for PBXProject "3Commas Manager" */;
			compatibilityVersion = "Xcode 13.0";
			developmentRegion = en;
			hasScannedForEncodings = 0;
			knownRegions = (
				en,
				Base,
			);
			mainGroup = 63967E27277F8A2C00ED5575;
			productRefGroup = 63967E31277F8A2C00ED5575 /* Products */;
			projectDirPath = "";
			projectRoot = "";
			targets = (
				63967E2F277F8A2C00ED5575 /* 3Commas Manager */,
			);
		};
/* End PBXProject section */

/* Begin PBXResourcesBuildPhase section */
		63967E2E277F8A2C00ED5575 /* Resources */ = {
			isa = PBXResourcesBuildPhase;
			buildActionMask = 2147483647;
			files = (
				63967E3B277F8A2E00ED5575 /* Preview Assets.xcassets in Resources */,
				63967E38277F8A2E00ED5575 /* Assets.xcassets in Resources */,
			);
			runOnlyForDeploymentPostprocessing = 0;
		};
/* End PBXResourcesBuildPhase section */

/* Begin PBXSourcesBuildPhase section */
		63967E2C277F8A2C00ED5575 /* Sources */ = {
			isa = PBXSourcesBuildPhase;
			buildActionMask = 2147483647;
			files = (
				63967E48277F902B00ED5575 /* FinishedDealsView.swift in Sources */,
				63967E56277FCCE800ED5575 /* ActiveDeal.swift in Sources */,
				63967E52277F93C200ED5575 /* Stats.swift in Sources */,
				63967E602780A98E00ED5575 /* BotsProvider.swift in Sources */,
				63967E54277FCCDE00ED5575 /* ActiveDealsProvider.swift in Sources */,
				63967E622780A99500ED5575 /* Bots.swift in Sources */,
				63967E44277F8FFD00ED5575 /* StatsView.swift in Sources */,
				63967E4A277F903500ED5575 /* AssetsView.swift in Sources */,
				63967E42277F8C4A00ED5575 /* TabsView.swift in Sources */,
				63967E4C277F904300ED5575 /* BotsView.swift in Sources */,
				63967E5827802C5B00ED5575 /* FinishedDealsProvider.swift in Sources */,
				63967E46277F901700ED5575 /* ActiveDealsView.swift in Sources */,
				63967E5E27808C7D00ED5575 /* Asset.swift in Sources */,
				63967E5C27808C7500ED5575 /* AssetsProvider.swift in Sources */,
				63967E36277F8A2C00ED5575 /* ContentView.swift in Sources */,
				63967E5A27802C6700ED5575 /* FinishedDeal.swift in Sources */,
				63967E34277F8A2C00ED5575 /* _Commas_ManagerApp.swift in Sources */,
				63967E50277F93BB00ED5575 /* StatsProvider.swift in Sources */,
			);
			runOnlyForDeploymentPostprocessing = 0;
		};
/* End PBXSourcesBuildPhase section */

/* Begin XCBuildConfiguration section */
		63967E3C277F8A2E00ED5575 /* Debug */ = {
			isa = XCBuildConfiguration;
			buildSettings = {
				ALWAYS_SEARCH_USER_PATHS = NO;
				CLANG_ANALYZER_NONNULL = YES;
				CLANG_ANALYZER_NUMBER_OBJECT_CONVERSION = YES_AGGRESSIVE;
				CLANG_CXX_LANGUAGE_STANDARD = "gnu++17";
				CLANG_CXX_LIBRARY = "libc++";
				CLANG_ENABLE_MODULES = YES;
				CLANG_ENABLE_OBJC_ARC = YES;
				CLANG_ENABLE_OBJC_WEAK = YES;
				CLANG_WARN_BLOCK_CAPTURE_AUTORELEASING = YES;
				CLANG_WARN_BOOL_CONVERSION = YES;
				CLANG_WARN_COMMA = YES;
				CLANG_WARN_CONSTANT_CONVERSION = YES;
				CLANG_WARN_DEPRECATED_OBJC_IMPLEMENTATIONS = YES;
				CLANG_WARN_DIRECT_OBJC_ISA_USAGE = YES_ERROR;
				CLANG_WARN_DOCUMENTATION_COMMENTS = YES;
				CLANG_WARN_EMPTY_BODY = YES;
				CLANG_WARN_ENUM_CONVERSION = YES;
				CLANG_WARN_INFINITE_RECURSION = YES;
				CLANG_WARN_INT_CONVERSION = YES;
				CLANG_WARN_NON_LITERAL_NULL_CONVERSION = YES;
				CLANG_WARN_OBJC_IMPLICIT_RETAIN_SELF = YES;
				CLANG_WARN_OBJC_LITERAL_CONVERSION = YES;
				CLANG_WARN_OBJC_ROOT_CLASS = YES_ERROR;
				CLANG_WARN_QUOTED_INCLUDE_IN_FRAMEWORK_HEADER = YES;
				CLANG_WARN_RANGE_LOOP_ANALYSIS = YES;
				CLANG_WARN_STRICT_PROTOTYPES = YES;
				CLANG_WARN_SUSPICIOUS_MOVE = YES;
				CLANG_WARN_UNGUARDED_AVAILABILITY = YES_AGGRESSIVE;
				CLANG_WARN_UNREACHABLE_CODE = YES;
				CLANG_WARN__DUPLICATE_METHOD_MATCH = YES;
				COPY_PHASE_STRIP = NO;
				DEBUG_INFORMATION_FORMAT = dwarf;
				ENABLE_STRICT_OBJC_MSGSEND = YES;
				ENABLE_TESTABILITY = YES;
				GCC_C_LANGUAGE_STANDARD = gnu11;
				GCC_DYNAMIC_NO_PIC = NO;
				GCC_NO_COMMON_BLOCKS = YES;
				GCC_OPTIMIZATION_LEVEL = 0;
				GCC_PREPROCESSOR_DEFINITIONS = (
					"DEBUG=1",
					"$(inherited)",
				);
				GCC_WARN_64_TO_32_BIT_CONVERSION = YES;
				GCC_WARN_ABOUT_RETURN_TYPE = YES_ERROR;
				GCC_WARN_UNDECLARED_SELECTOR = YES;
				GCC_WARN_UNINITIALIZED_AUTOS = YES_AGGRESSIVE;
				GCC_WARN_UNUSED_FUNCTION = YES;
				GCC_WARN_UNUSED_VARIABLE = YES;
				IPHONEOS_DEPLOYMENT_TARGET = 15.0;
				MTL_ENABLE_DEBUG_INFO = INCLUDE_SOURCE;
				MTL_FAST_MATH = YES;
				ONLY_ACTIVE_ARCH = YES;
				SDKROOT = iphoneos;
				SWIFT_ACTIVE_COMPILATION_CONDITIONS = DEBUG;
				SWIFT_OPTIMIZATION_LEVEL = "-Onone";
			};
			name = Debug;
		};
		63967E3D277F8A2E00ED5575 /* Release */ = {
			isa = XCBuildConfiguration;
			buildSettings = {
				ALWAYS_SEARCH_USER_PATHS = NO;
				CLANG_ANALYZER_NONNULL = YES;
				CLANG_ANALYZER_NUMBER_OBJECT_CONVERSION = YES_AGGRESSIVE;
				CLANG_CXX_LANGUAGE_STANDARD = "gnu++17";
				CLANG_CXX_LIBRARY = "libc++";
				CLANG_ENABLE_MODULES = YES;
				CLANG_ENABLE_OBJC_ARC = YES;
				CLANG_ENABLE_OBJC_WEAK = YES;
				CLANG_WARN_BLOCK_CAPTURE_AUTORELEASING = YES;
				CLANG_WARN_BOOL_CONVERSION = YES;
				CLANG_WARN_COMMA = YES;
				CLANG_WARN_CONSTANT_CONVERSION = YES;
				CLANG_WARN_DEPRECATED_OBJC_IMPLEMENTATIONS = YES;
				CLANG_WARN_DIRECT_OBJC_ISA_USAGE = YES_ERROR;
				CLANG_WARN_DOCUMENTATION_COMMENTS = YES;
				CLANG_WARN_EMPTY_BODY = YES;
				CLANG_WARN_ENUM_CONVERSION = YES;
				CLANG_WARN_INFINITE_RECURSION = YES;
				CLANG_WARN_INT_CONVERSION = YES;
				CLANG_WARN_NON_LITERAL_NULL_CONVERSION = YES;
				CLANG_WARN_OBJC_IMPLICIT_RETAIN_SELF = YES;
				CLANG_WARN_OBJC_LITERAL_CONVERSION = YES;
				CLANG_WARN_OBJC_ROOT_CLASS = YES_ERROR;
				CLANG_WARN_QUOTED_INCLUDE_IN_FRAMEWORK_HEADER = YES;
				CLANG_WARN_RANGE_LOOP_ANALYSIS = YES;
				CLANG_WARN_STRICT_PROTOTYPES = YES;
				CLANG_WARN_SUSPICIOUS_MOVE = YES;
				CLANG_WARN_UNGUARDED_AVAILABILITY = YES_AGGRESSIVE;
				CLANG_WARN_UNREACHABLE_CODE = YES;
				CLANG_WARN__DUPLICATE_METHOD_MATCH = YES;
				COPY_PHASE_STRIP = NO;
				DEBUG_INFORMATION_FORMAT = "dwarf-with-dsym";
				ENABLE_NS_ASSERTIONS = NO;
				ENABLE_STRICT_OBJC_MSGSEND = YES;
				GCC_C_LANGUAGE_STANDARD = gnu11;
				GCC_NO_COMMON_BLOCKS = YES;
				GCC_WARN_64_TO_32_BIT_CONVERSION = YES;
				GCC_WARN_ABOUT_RETURN_TYPE = YES_ERROR;
				GCC_WARN_UNDECLARED_SELECTOR = YES;
				GCC_WARN_UNINITIALIZED_AUTOS = YES_AGGRESSIVE;
				GCC_WARN_UNUSED_FUNCTION = YES;
				GCC_WARN_UNUSED_VARIABLE = YES;
				IPHONEOS_DEPLOYMENT_TARGET = 15.0;
				MTL_ENABLE_DEBUG_INFO = NO;
				MTL_FAST_MATH = YES;
				SDKROOT = iphoneos;
				SWIFT_COMPILATION_MODE = wholemodule;
				SWIFT_OPTIMIZATION_LEVEL = "-O";
				VALIDATE_PRODUCT = YES;
			};
			name = Release;
		};
		63967E3F277F8A2E00ED5575 /* Debug */ = {
			isa = XCBuildConfiguration;
			buildSettings = {
				ASSETCATALOG_COMPILER_APPICON_NAME = AppIcon;
				ASSETCATALOG_COMPILER_GLOBAL_ACCENT_COLOR_NAME = AccentColor;
				CODE_SIGN_IDENTITY = "Apple Development";
				CODE_SIGN_STYLE = Automatic;
				CURRENT_PROJECT_VERSION = 20220101.1;
				DEVELOPMENT_ASSET_PATHS = "\"3Commas Manager/Preview Content\"";
				DEVELOPMENT_TEAM = V66UJ72Z63;
				ENABLE_PREVIEWS = YES;
				GENERATE_INFOPLIST_FILE = YES;
				INFOPLIST_KEY_UIApplicationSceneManifest_Generation = YES;
				INFOPLIST_KEY_UIApplicationSupportsIndirectInputEvents = YES;
				INFOPLIST_KEY_UILaunchScreen_Generation = YES;
				INFOPLIST_KEY_UISupportedInterfaceOrientations_iPad = "UIInterfaceOrientationPortrait UIInterfaceOrientationPortraitUpsideDown UIInterfaceOrientationLandscapeLeft UIInterfaceOrientationLandscapeRight";
				INFOPLIST_KEY_UISupportedInterfaceOrientations_iPhone = "UIInterfaceOrientationPortrait UIInterfaceOrientationLandscapeLeft UIInterfaceOrientationLandscapeRight";
				IPHONEOS_DEPLOYMENT_TARGET = 15.0;
				LD_RUNPATH_SEARCH_PATHS = (
					"$(inherited)",
					"@executable_path/Frameworks",
				);
				MARKETING_VERSION = 1.0;
				PRODUCT_BUNDLE_IDENTIFIER = "com.dbarkman.3Commas-Manager";
				PRODUCT_NAME = Manager;
				PROVISIONING_PROFILE_SPECIFIER = "";
				SWIFT_EMIT_LOC_STRINGS = YES;
				SWIFT_VERSION = 5.0;
				TARGETED_DEVICE_FAMILY = "1,2";
			};
			name = Debug;
		};
		63967E40277F8A2E00ED5575 /* Release */ = {
			isa = XCBuildConfiguration;
			buildSettings = {
				ASSETCATALOG_COMPILER_APPICON_NAME = AppIcon;
				ASSETCATALOG_COMPILER_GLOBAL_ACCENT_COLOR_NAME = AccentColor;
				CODE_SIGN_IDENTITY = "Apple Development";
				CODE_SIGN_STYLE = Automatic;
				CURRENT_PROJECT_VERSION = 20220101.1;
				DEVELOPMENT_ASSET_PATHS = "\"3Commas Manager/Preview Content\"";
				DEVELOPMENT_TEAM = V66UJ72Z63;
				ENABLE_PREVIEWS = YES;
				GENERATE_INFOPLIST_FILE = YES;
				INFOPLIST_KEY_UIApplicationSceneManifest_Generation = YES;
				INFOPLIST_KEY_UIApplicationSupportsIndirectInputEvents = YES;
				INFOPLIST_KEY_UILaunchScreen_Generation = YES;
				INFOPLIST_KEY_UISupportedInterfaceOrientations_iPad = "UIInterfaceOrientationPortrait UIInterfaceOrientationPortraitUpsideDown UIInterfaceOrientationLandscapeLeft UIInterfaceOrientationLandscapeRight";
				INFOPLIST_KEY_UISupportedInterfaceOrientations_iPhone = "UIInterfaceOrientationPortrait UIInterfaceOrientationLandscapeLeft UIInterfaceOrientationLandscapeRight";
				IPHONEOS_DEPLOYMENT_TARGET = 15.0;
				LD_RUNPATH_SEARCH_PATHS = (
					"$(inherited)",
					"@executable_path/Frameworks",
				);
				MARKETING_VERSION = 1.0;
				PRODUCT_BUNDLE_IDENTIFIER = "com.dbarkman.3Commas-Manager";
				PRODUCT_NAME = Manager;
				PROVISIONING_PROFILE_SPECIFIER = "";
				SWIFT_EMIT_LOC_STRINGS = YES;
				SWIFT_VERSION = 5.0;
				TARGETED_DEVICE_FAMILY = "1,2";
			};
			name = Release;
		};
/* End XCBuildConfiguration section */

/* Begin XCConfigurationList section */
		63967E2B277F8A2C00ED5575 /* Build configuration list for PBXProject "3Commas Manager" */ = {
			isa = XCConfigurationList;
			buildConfigurations = (
				63967E3C277F8A2E00ED5575 /* Debug */,
				63967E3D277F8A2E00ED5575 /* Release */,
			);
			defaultConfigurationIsVisible = 0;
			defaultConfigurationName = Release;
		};
		63967E3E277F8A2E00ED5575 /* Build configuration list for PBXNativeTarget "3Commas Manager" */ = {
			isa = XCConfigurationList;
			buildConfigurations = (
				63967E3F277F8A2E00ED5575 /* Debug */,
				63967E40277F8A2E00ED5575 /* Release */,
			);
			defaultConfigurationIsVisible = 0;
			defaultConfigurationName = Release;
		};
/* End XCConfigurationList section */
	};
	rootObject = 63967E28277F8A2C00ED5575 /* Project object */;
}
